
Microsoft Visual Studio Solution File, Format Version 12.00
# Visual Studio Version 17
VisualStudioVersion = 17.14.36221.1
MinimumVisualStudioVersion = 10.0.40219.1
Project("{D954291E-2A0B-460D-934E-DC6B0785DB48}") = "PlayFabExample.SharedProject", "PlayFabExample.SharedProject\PlayFabExample.SharedProject.shproj", "{737CF82A-7189-4257-AEA8-106557D10CA3}"
EndProject
Project("{FAE04EC0-301F-11D3-BF4B-00C04F79EFBC}") = "PlayFabExample.UWP", "PlayFabExample.UWP\PlayFabExample.UWP.csproj", "{7E5A3FC0-781F-44BF-91C7-611AE24752B6}"
EndProject
Project("{FAE04EC0-301F-11D3-BF4B-00C04F79EFBC}") = "PlayFabExample.WindowsDX", "PlayFabExample.WindowsDX\PlayFabExample.WindowsDX.csproj", "{C6E8EB85-8AB3-4711-A98B-2442B0DC0EA2}"
EndProject
Project("{FAE04EC0-301F-11D3-BF4B-00C04F79EFBC}") = "PlayFabExample.Android", "PlayFabExample.Android\PlayFabExample.Android.csproj", "{58F4E26E-D272-41A5-BE21-F8FFBD3F80F2}"
EndProject
Project("{FAE04EC0-301F-11D3-BF4B-00C04F79EFBC}") = "PlayFabExample.iOS", "PlayFabExample.iOS\PlayFabExample.iOS.csproj", "{838D05D9-8ADB-4B4A-973D-E68FDFCEFE47}"
EndProject
Project("{FAE04EC0-301F-11D3-BF4B-00C04F79EFBC}") = "PlayFabBuddyLib", "PlayFabBuddyLib\PlayFabBuddyLib.csproj", "{507FA155-F00D-49D1-B533-A8AD943A3326}"
EndProject
Global
	GlobalSection(SolutionConfigurationPlatforms) = preSolution
		Ad-Hoc|Any CPU = Ad-Hoc|Any CPU
		Ad-Hoc|ARM = Ad-Hoc|ARM
		Ad-Hoc|iPhone = Ad-Hoc|iPhone
		Ad-Hoc|iPhoneSimulator = Ad-Hoc|iPhoneSimulator
		Ad-Hoc|x64 = Ad-Hoc|x64
		Ad-Hoc|x86 = Ad-Hoc|x86
		AppStore|Any CPU = AppStore|Any CPU
		AppStore|ARM = AppStore|ARM
		AppStore|iPhone = AppStore|iPhone
		AppStore|iPhoneSimulator = AppStore|iPhoneSimulator
		AppStore|x64 = AppStore|x64
		AppStore|x86 = AppStore|x86
		Debug|Any CPU = Debug|Any CPU
		Debug|ARM = Debug|ARM
		Debug|iPhone = Debug|iPhone
		Debug|iPhoneSimulator = Debug|iPhoneSimulator
		Debug|x64 = Debug|x64
		Debug|x86 = Debug|x86
		Release|Any CPU = Release|Any CPU
		Release|ARM = Release|ARM
		Release|iPhone = Release|iPhone
		Release|iPhoneSimulator = Release|iPhoneSimulator
		Release|x64 = Release|x64
		Release|x86 = Release|x86
	EndGlobalSection
	GlobalSection(ProjectConfigurationPlatforms) = postSolution
		{7E5A3FC0-781F-44BF-91C7-611AE24752B6}.Ad-Hoc|Any CPU.ActiveCfg = Release|x64
		{7E5A3FC0-781F-44BF-91C7-611AE24752B6}.Ad-Hoc|Any CPU.Build.0 = Release|x64
		{7E5A3FC0-781F-44BF-91C7-611AE24752B6}.Ad-Hoc|Any CPU.Deploy.0 = Release|x64
		{7E5A3FC0-781F-44BF-91C7-611AE24752B6}.Ad-Hoc|ARM.ActiveCfg = Release|ARM
		{7E5A3FC0-781F-44BF-91C7-611AE24752B6}.Ad-Hoc|ARM.Build.0 = Release|ARM
		{7E5A3FC0-781F-44BF-91C7-611AE24752B6}.Ad-Hoc|ARM.Deploy.0 = Release|ARM
		{7E5A3FC0-781F-44BF-91C7-611AE24752B6}.Ad-Hoc|iPhone.ActiveCfg = Release|x64
		{7E5A3FC0-781F-44BF-91C7-611AE24752B6}.Ad-Hoc|iPhone.Build.0 = Release|x64
		{7E5A3FC0-781F-44BF-91C7-611AE24752B6}.Ad-Hoc|iPhone.Deploy.0 = Release|x64
		{7E5A3FC0-781F-44BF-91C7-611AE24752B6}.Ad-Hoc|iPhoneSimulator.ActiveCfg = Release|x64
		{7E5A3FC0-781F-44BF-91C7-611AE24752B6}.Ad-Hoc|iPhoneSimulator.Build.0 = Release|x64
		{7E5A3FC0-781F-44BF-91C7-611AE24752B6}.Ad-Hoc|iPhoneSimulator.Deploy.0 = Release|x64
		{7E5A3FC0-781F-44BF-91C7-611AE24752B6}.Ad-Hoc|x64.ActiveCfg = Release|x64
		{7E5A3FC0-781F-44BF-91C7-611AE24752B6}.Ad-Hoc|x64.Build.0 = Release|x64
		{7E5A3FC0-781F-44BF-91C7-611AE24752B6}.Ad-Hoc|x64.Deploy.0 = Release|x64
		{7E5A3FC0-781F-44BF-91C7-611AE24752B6}.Ad-Hoc|x86.ActiveCfg = Release|x86
		{7E5A3FC0-781F-44BF-91C7-611AE24752B6}.Ad-Hoc|x86.Build.0 = Release|x86
		{7E5A3FC0-781F-44BF-91C7-611AE24752B6}.Ad-Hoc|x86.Deploy.0 = Release|x86
		{7E5A3FC0-781F-44BF-91C7-611AE24752B6}.AppStore|Any CPU.ActiveCfg = Release|x64
		{7E5A3FC0-781F-44BF-91C7-611AE24752B6}.AppStore|Any CPU.Build.0 = Release|x64
		{7E5A3FC0-781F-44BF-91C7-611AE24752B6}.AppStore|Any CPU.Deploy.0 = Release|x64
		{7E5A3FC0-781F-44BF-91C7-611AE24752B6}.AppStore|ARM.ActiveCfg = Release|ARM
		{7E5A3FC0-781F-44BF-91C7-611AE24752B6}.AppStore|ARM.Build.0 = Release|ARM
		{7E5A3FC0-781F-44BF-91C7-611AE24752B6}.AppStore|ARM.Deploy.0 = Release|ARM
		{7E5A3FC0-781F-44BF-91C7-611AE24752B6}.AppStore|iPhone.ActiveCfg = Release|x64
		{7E5A3FC0-781F-44BF-91C7-611AE24752B6}.AppStore|iPhone.Build.0 = Release|x64
		{7E5A3FC0-781F-44BF-91C7-611AE24752B6}.AppStore|iPhone.Deploy.0 = Release|x64
		{7E5A3FC0-781F-44BF-91C7-611AE24752B6}.AppStore|iPhoneSimulator.ActiveCfg = Release|x64
		{7E5A3FC0-781F-44BF-91C7-611AE24752B6}.AppStore|iPhoneSimulator.Build.0 = Release|x64
		{7E5A3FC0-781F-44BF-91C7-611AE24752B6}.AppStore|iPhoneSimulator.Deploy.0 = Release|x64
		{7E5A3FC0-781F-44BF-91C7-611AE24752B6}.AppStore|x64.ActiveCfg = Release|x64
		{7E5A3FC0-781F-44BF-91C7-611AE24752B6}.AppStore|x64.Build.0 = Release|x64
		{7E5A3FC0-781F-44BF-91C7-611AE24752B6}.AppStore|x64.Deploy.0 = Release|x64
		{7E5A3FC0-781F-44BF-91C7-611AE24752B6}.AppStore|x86.ActiveCfg = Release|x86
		{7E5A3FC0-781F-44BF-91C7-611AE24752B6}.AppStore|x86.Build.0 = Release|x86
		{7E5A3FC0-781F-44BF-91C7-611AE24752B6}.AppStore|x86.Deploy.0 = Release|x86
		{7E5A3FC0-781F-44BF-91C7-611AE24752B6}.Debug|Any CPU.ActiveCfg = Debug|x64
		{7E5A3FC0-781F-44BF-91C7-611AE24752B6}.Debug|Any CPU.Build.0 = Debug|x64
		{7E5A3FC0-781F-44BF-91C7-611AE24752B6}.Debug|Any CPU.Deploy.0 = Debug|x64
		{7E5A3FC0-781F-44BF-91C7-611AE24752B6}.Debug|ARM.ActiveCfg = Debug|ARM
		{7E5A3FC0-781F-44BF-91C7-611AE24752B6}.Debug|ARM.Build.0 = Debug|ARM
		{7E5A3FC0-781F-44BF-91C7-611AE24752B6}.Debug|ARM.Deploy.0 = Debug|ARM
		{7E5A3FC0-781F-44BF-91C7-611AE24752B6}.Debug|iPhone.ActiveCfg = Debug|x64
		{7E5A3FC0-781F-44BF-91C7-611AE24752B6}.Debug|iPhone.Build.0 = Debug|x64
		{7E5A3FC0-781F-44BF-91C7-611AE24752B6}.Debug|iPhone.Deploy.0 = Debug|x64
		{7E5A3FC0-781F-44BF-91C7-611AE24752B6}.Debug|iPhoneSimulator.ActiveCfg = Debug|x64
		{7E5A3FC0-781F-44BF-91C7-611AE24752B6}.Debug|iPhoneSimulator.Build.0 = Debug|x64
		{7E5A3FC0-781F-44BF-91C7-611AE24752B6}.Debug|iPhoneSimulator.Deploy.0 = Debug|x64
		{7E5A3FC0-781F-44BF-91C7-611AE24752B6}.Debug|x64.ActiveCfg = Debug|x64
		{7E5A3FC0-781F-44BF-91C7-611AE24752B6}.Debug|x64.Build.0 = Debug|x64
		{7E5A3FC0-781F-44BF-91C7-611AE24752B6}.Debug|x64.Deploy.0 = Debug|x64
		{7E5A3FC0-781F-44BF-91C7-611AE24752B6}.Debug|x86.ActiveCfg = Debug|x86
		{7E5A3FC0-781F-44BF-91C7-611AE24752B6}.Debug|x86.Build.0 = Debug|x86
		{7E5A3FC0-781F-44BF-91C7-611AE24752B6}.Debug|x86.Deploy.0 = Debug|x86
		{7E5A3FC0-781F-44BF-91C7-611AE24752B6}.Release|Any CPU.ActiveCfg = Release|x64
		{7E5A3FC0-781F-44BF-91C7-611AE24752B6}.Release|Any CPU.Build.0 = Release|x64
		{7E5A3FC0-781F-44BF-91C7-611AE24752B6}.Release|Any CPU.Deploy.0 = Release|x64
		{7E5A3FC0-781F-44BF-91C7-611AE24752B6}.Release|ARM.ActiveCfg = Release|ARM
		{7E5A3FC0-781F-44BF-91C7-611AE24752B6}.Release|ARM.Build.0 = Release|ARM
		{7E5A3FC0-781F-44BF-91C7-611AE24752B6}.Release|ARM.Deploy.0 = Release|ARM
		{7E5A3FC0-781F-44BF-91C7-611AE24752B6}.Release|iPhone.ActiveCfg = Release|x64
		{7E5A3FC0-781F-44BF-91C7-611AE24752B6}.Release|iPhone.Build.0 = Release|x64
		{7E5A3FC0-781F-44BF-91C7-611AE24752B6}.Release|iPhone.Deploy.0 = Release|x64
		{7E5A3FC0-781F-44BF-91C7-611AE24752B6}.Release|iPhoneSimulator.ActiveCfg = Release|x64
		{7E5A3FC0-781F-44BF-91C7-611AE24752B6}.Release|iPhoneSimulator.Build.0 = Release|x64
		{7E5A3FC0-781F-44BF-91C7-611AE24752B6}.Release|iPhoneSimulator.Deploy.0 = Release|x64
		{7E5A3FC0-781F-44BF-91C7-611AE24752B6}.Release|x64.ActiveCfg = Release|x64
		{7E5A3FC0-781F-44BF-91C7-611AE24752B6}.Release|x64.Build.0 = Release|x64
		{7E5A3FC0-781F-44BF-91C7-611AE24752B6}.Release|x64.Deploy.0 = Release|x64
		{7E5A3FC0-781F-44BF-91C7-611AE24752B6}.Release|x86.ActiveCfg = Release|x86
		{7E5A3FC0-781F-44BF-91C7-611AE24752B6}.Release|x86.Build.0 = Release|x86
		{7E5A3FC0-781F-44BF-91C7-611AE24752B6}.Release|x86.Deploy.0 = Release|x86
		{C6E8EB85-8AB3-4711-A98B-2442B0DC0EA2}.Ad-Hoc|Any CPU.ActiveCfg = Release|x86
		{C6E8EB85-8AB3-4711-A98B-2442B0DC0EA2}.Ad-Hoc|Any CPU.Build.0 = Release|x86
		{C6E8EB85-8AB3-4711-A98B-2442B0DC0EA2}.Ad-Hoc|ARM.ActiveCfg = Release|Any CPU
		{C6E8EB85-8AB3-4711-A98B-2442B0DC0EA2}.Ad-Hoc|ARM.Build.0 = Release|Any CPU
		{C6E8EB85-8AB3-4711-A98B-2442B0DC0EA2}.Ad-Hoc|iPhone.ActiveCfg = Release|x86
		{C6E8EB85-8AB3-4711-A98B-2442B0DC0EA2}.Ad-Hoc|iPhone.Build.0 = Release|x86
		{C6E8EB85-8AB3-4711-A98B-2442B0DC0EA2}.Ad-Hoc|iPhoneSimulator.ActiveCfg = Release|x86
		{C6E8EB85-8AB3-4711-A98B-2442B0DC0EA2}.Ad-Hoc|iPhoneSimulator.Build.0 = Release|x86
		{C6E8EB85-8AB3-4711-A98B-2442B0DC0EA2}.Ad-Hoc|x64.ActiveCfg = Release|x64
		{C6E8EB85-8AB3-4711-A98B-2442B0DC0EA2}.Ad-Hoc|x64.Build.0 = Release|x64
		{C6E8EB85-8AB3-4711-A98B-2442B0DC0EA2}.Ad-Hoc|x86.ActiveCfg = Release|x86
		{C6E8EB85-8AB3-4711-A98B-2442B0DC0EA2}.Ad-Hoc|x86.Build.0 = Release|x86
		{C6E8EB85-8AB3-4711-A98B-2442B0DC0EA2}.AppStore|Any CPU.ActiveCfg = Release|x86
		{C6E8EB85-8AB3-4711-A98B-2442B0DC0EA2}.AppStore|Any CPU.Build.0 = Release|x86
		{C6E8EB85-8AB3-4711-A98B-2442B0DC0EA2}.AppStore|ARM.ActiveCfg = Release|Any CPU
		{C6E8EB85-8AB3-4711-A98B-2442B0DC0EA2}.AppStore|ARM.Build.0 = Release|Any CPU
		{C6E8EB85-8AB3-4711-A98B-2442B0DC0EA2}.AppStore|iPhone.ActiveCfg = Release|x86
		{C6E8EB85-8AB3-4711-A98B-2442B0DC0EA2}.AppStore|iPhone.Build.0 = Release|x86
		{C6E8EB85-8AB3-4711-A98B-2442B0DC0EA2}.AppStore|iPhoneSimulator.ActiveCfg = Release|x86
		{C6E8EB85-8AB3-4711-A98B-2442B0DC0EA2}.AppStore|iPhoneSimulator.Build.0 = Release|x86
		{C6E8EB85-8AB3-4711-A98B-2442B0DC0EA2}.AppStore|x64.ActiveCfg = Release|x64
		{C6E8EB85-8AB3-4711-A98B-2442B0DC0EA2}.AppStore|x64.Build.0 = Release|x64
		{C6E8EB85-8AB3-4711-A98B-2442B0DC0EA2}.AppStore|x86.ActiveCfg = Release|x86
		{C6E8EB85-8AB3-4711-A98B-2442B0DC0EA2}.AppStore|x86.Build.0 = Release|x86
		{C6E8EB85-8AB3-4711-A98B-2442B0DC0EA2}.Debug|Any CPU.ActiveCfg = Debug|Any CPU
		{C6E8EB85-8AB3-4711-A98B-2442B0DC0EA2}.Debug|Any CPU.Build.0 = Debug|Any CPU
		{C6E8EB85-8AB3-4711-A98B-2442B0DC0EA2}.Debug|ARM.ActiveCfg = Debug|Any CPU
		{C6E8EB85-8AB3-4711-A98B-2442B0DC0EA2}.Debug|ARM.Build.0 = Debug|Any CPU
		{C6E8EB85-8AB3-4711-A98B-2442B0DC0EA2}.Debug|iPhone.ActiveCfg = Debug|x86
		{C6E8EB85-8AB3-4711-A98B-2442B0DC0EA2}.Debug|iPhoneSimulator.ActiveCfg = Debug|x86
		{C6E8EB85-8AB3-4711-A98B-2442B0DC0EA2}.Debug|x64.ActiveCfg = Debug|x64
		{C6E8EB85-8AB3-4711-A98B-2442B0DC0EA2}.Debug|x64.Build.0 = Debug|x64
		{C6E8EB85-8AB3-4711-A98B-2442B0DC0EA2}.Debug|x86.ActiveCfg = Debug|x86
		{C6E8EB85-8AB3-4711-A98B-2442B0DC0EA2}.Debug|x86.Build.0 = Debug|x86
		{C6E8EB85-8AB3-4711-A98B-2442B0DC0EA2}.Release|Any CPU.ActiveCfg = Release|x86
		{C6E8EB85-8AB3-4711-A98B-2442B0DC0EA2}.Release|ARM.ActiveCfg = Release|Any CPU
		{C6E8EB85-8AB3-4711-A98B-2442B0DC0EA2}.Release|ARM.Build.0 = Release|Any CPU
		{C6E8EB85-8AB3-4711-A98B-2442B0DC0EA2}.Release|iPhone.ActiveCfg = Release|x86
		{C6E8EB85-8AB3-4711-A98B-2442B0DC0EA2}.Release|iPhoneSimulator.ActiveCfg = Release|x86
		{C6E8EB85-8AB3-4711-A98B-2442B0DC0EA2}.Release|x64.ActiveCfg = Release|x64
		{C6E8EB85-8AB3-4711-A98B-2442B0DC0EA2}.Release|x64.Build.0 = Release|x64
		{C6E8EB85-8AB3-4711-A98B-2442B0DC0EA2}.Release|x86.ActiveCfg = Release|x86
		{C6E8EB85-8AB3-4711-A98B-2442B0DC0EA2}.Release|x86.Build.0 = Release|x86
		{58F4E26E-D272-41A5-BE21-F8FFBD3F80F2}.Ad-Hoc|Any CPU.ActiveCfg = Release|Any CPU
		{58F4E26E-D272-41A5-BE21-F8FFBD3F80F2}.Ad-Hoc|Any CPU.Build.0 = Release|Any CPU
		{58F4E26E-D272-41A5-BE21-F8FFBD3F80F2}.Ad-Hoc|Any CPU.Deploy.0 = Release|Any CPU
		{58F4E26E-D272-41A5-BE21-F8FFBD3F80F2}.Ad-Hoc|ARM.ActiveCfg = Release|Any CPU
		{58F4E26E-D272-41A5-BE21-F8FFBD3F80F2}.Ad-Hoc|ARM.Build.0 = Release|Any CPU
		{58F4E26E-D272-41A5-BE21-F8FFBD3F80F2}.Ad-Hoc|ARM.Deploy.0 = Release|Any CPU
		{58F4E26E-D272-41A5-BE21-F8FFBD3F80F2}.Ad-Hoc|iPhone.ActiveCfg = Release|Any CPU
		{58F4E26E-D272-41A5-BE21-F8FFBD3F80F2}.Ad-Hoc|iPhone.Build.0 = Release|Any CPU
		{58F4E26E-D272-41A5-BE21-F8FFBD3F80F2}.Ad-Hoc|iPhone.Deploy.0 = Release|Any CPU
		{58F4E26E-D272-41A5-BE21-F8FFBD3F80F2}.Ad-Hoc|iPhoneSimulator.ActiveCfg = Release|Any CPU
		{58F4E26E-D272-41A5-BE21-F8FFBD3F80F2}.Ad-Hoc|iPhoneSimulator.Build.0 = Release|Any CPU
		{58F4E26E-D272-41A5-BE21-F8FFBD3F80F2}.Ad-Hoc|iPhoneSimulator.Deploy.0 = Release|Any CPU
		{58F4E26E-D272-41A5-BE21-F8FFBD3F80F2}.Ad-Hoc|x64.ActiveCfg = Release|x64
		{58F4E26E-D272-41A5-BE21-F8FFBD3F80F2}.Ad-Hoc|x64.Build.0 = Release|x64
		{58F4E26E-D272-41A5-BE21-F8FFBD3F80F2}.Ad-Hoc|x64.Deploy.0 = Release|x64
		{58F4E26E-D272-41A5-BE21-F8FFBD3F80F2}.Ad-Hoc|x86.ActiveCfg = Release|Any CPU
		{58F4E26E-D272-41A5-BE21-F8FFBD3F80F2}.Ad-Hoc|x86.Build.0 = Release|Any CPU
		{58F4E26E-D272-41A5-BE21-F8FFBD3F80F2}.Ad-Hoc|x86.Deploy.0 = Release|Any CPU
		{58F4E26E-D272-41A5-BE21-F8FFBD3F80F2}.AppStore|Any CPU.ActiveCfg = Release|Any CPU
		{58F4E26E-D272-41A5-BE21-F8FFBD3F80F2}.AppStore|Any CPU.Build.0 = Release|Any CPU
		{58F4E26E-D272-41A5-BE21-F8FFBD3F80F2}.AppStore|Any CPU.Deploy.0 = Release|Any CPU
		{58F4E26E-D272-41A5-BE21-F8FFBD3F80F2}.AppStore|ARM.ActiveCfg = Release|Any CPU
		{58F4E26E-D272-41A5-BE21-F8FFBD3F80F2}.AppStore|ARM.Build.0 = Release|Any CPU
		{58F4E26E-D272-41A5-BE21-F8FFBD3F80F2}.AppStore|ARM.Deploy.0 = Release|Any CPU
		{58F4E26E-D272-41A5-BE21-F8FFBD3F80F2}.AppStore|iPhone.ActiveCfg = Release|Any CPU
		{58F4E26E-D272-41A5-BE21-F8FFBD3F80F2}.AppStore|iPhone.Build.0 = Release|Any CPU
		{58F4E26E-D272-41A5-BE21-F8FFBD3F80F2}.AppStore|iPhone.Deploy.0 = Release|Any CPU
		{58F4E26E-D272-41A5-BE21-F8FFBD3F80F2}.AppStore|iPhoneSimulator.ActiveCfg = Release|Any CPU
		{58F4E26E-D272-41A5-BE21-F8FFBD3F80F2}.AppStore|iPhoneSimulator.Build.0 = Release|Any CPU
		{58F4E26E-D272-41A5-BE21-F8FFBD3F80F2}.AppStore|iPhoneSimulator.Deploy.0 = Release|Any CPU
		{58F4E26E-D272-41A5-BE21-F8FFBD3F80F2}.AppStore|x64.ActiveCfg = Release|x64
		{58F4E26E-D272-41A5-BE21-F8FFBD3F80F2}.AppStore|x64.Build.0 = Release|x64
		{58F4E26E-D272-41A5-BE21-F8FFBD3F80F2}.AppStore|x64.Deploy.0 = Release|x64
		{58F4E26E-D272-41A5-BE21-F8FFBD3F80F2}.AppStore|x86.ActiveCfg = Release|Any CPU
		{58F4E26E-D272-41A5-BE21-F8FFBD3F80F2}.AppStore|x86.Build.0 = Release|Any CPU
		{58F4E26E-D272-41A5-BE21-F8FFBD3F80F2}.AppStore|x86.Deploy.0 = Release|Any CPU
		{58F4E26E-D272-41A5-BE21-F8FFBD3F80F2}.Debug|Any CPU.ActiveCfg = Debug|Any CPU
		{58F4E26E-D272-41A5-BE21-F8FFBD3F80F2}.Debug|Any CPU.Build.0 = Debug|Any CPU
		{58F4E26E-D272-41A5-BE21-F8FFBD3F80F2}.Debug|Any CPU.Deploy.0 = Debug|Any CPU
		{58F4E26E-D272-41A5-BE21-F8FFBD3F80F2}.Debug|ARM.ActiveCfg = Debug|Any CPU
		{58F4E26E-D272-41A5-BE21-F8FFBD3F80F2}.Debug|ARM.Build.0 = Debug|Any CPU
		{58F4E26E-D272-41A5-BE21-F8FFBD3F80F2}.Debug|ARM.Deploy.0 = Debug|Any CPU
		{58F4E26E-D272-41A5-BE21-F8FFBD3F80F2}.Debug|iPhone.ActiveCfg = Debug|Any CPU
		{58F4E26E-D272-41A5-BE21-F8FFBD3F80F2}.Debug|iPhone.Build.0 = Debug|Any CPU
		{58F4E26E-D272-41A5-BE21-F8FFBD3F80F2}.Debug|iPhone.Deploy.0 = Debug|Any CPU
		{58F4E26E-D272-41A5-BE21-F8FFBD3F80F2}.Debug|iPhoneSimulator.ActiveCfg = Debug|Any CPU
		{58F4E26E-D272-41A5-BE21-F8FFBD3F80F2}.Debug|iPhoneSimulator.Build.0 = Debug|Any CPU
		{58F4E26E-D272-41A5-BE21-F8FFBD3F80F2}.Debug|iPhoneSimulator.Deploy.0 = Debug|Any CPU
		{58F4E26E-D272-41A5-BE21-F8FFBD3F80F2}.Debug|x64.ActiveCfg = Debug|x64
		{58F4E26E-D272-41A5-BE21-F8FFBD3F80F2}.Debug|x64.Build.0 = Debug|x64
		{58F4E26E-D272-41A5-BE21-F8FFBD3F80F2}.Debug|x64.Deploy.0 = Debug|x64
		{58F4E26E-D272-41A5-BE21-F8FFBD3F80F2}.Debug|x86.ActiveCfg = Debug|Any CPU
		{58F4E26E-D272-41A5-BE21-F8FFBD3F80F2}.Debug|x86.Build.0 = Debug|Any CPU
		{58F4E26E-D272-41A5-BE21-F8FFBD3F80F2}.Debug|x86.Deploy.0 = Debug|Any CPU
		{58F4E26E-D272-41A5-BE21-F8FFBD3F80F2}.Release|Any CPU.ActiveCfg = Release|Any CPU
		{58F4E26E-D272-41A5-BE21-F8FFBD3F80F2}.Release|Any CPU.Build.0 = Release|Any CPU
		{58F4E26E-D272-41A5-BE21-F8FFBD3F80F2}.Release|Any CPU.Deploy.0 = Release|Any CPU
		{58F4E26E-D272-41A5-BE21-F8FFBD3F80F2}.Release|ARM.ActiveCfg = Release|Any CPU
		{58F4E26E-D272-41A5-BE21-F8FFBD3F80F2}.Release|ARM.Build.0 = Release|Any CPU
		{58F4E26E-D272-41A5-BE21-F8FFBD3F80F2}.Release|ARM.Deploy.0 = Release|Any CPU
		{58F4E26E-D272-41A5-BE21-F8FFBD3F80F2}.Release|iPhone.ActiveCfg = Release|Any CPU
		{58F4E26E-D272-41A5-BE21-F8FFBD3F80F2}.Release|iPhone.Build.0 = Release|Any CPU
		{58F4E26E-D272-41A5-BE21-F8FFBD3F80F2}.Release|iPhone.Deploy.0 = Release|Any CPU
		{58F4E26E-D272-41A5-BE21-F8FFBD3F80F2}.Release|iPhoneSimulator.ActiveCfg = Release|Any CPU
		{58F4E26E-D272-41A5-BE21-F8FFBD3F80F2}.Release|iPhoneSimulator.Build.0 = Release|Any CPU
		{58F4E26E-D272-41A5-BE21-F8FFBD3F80F2}.Release|iPhoneSimulator.Deploy.0 = Release|Any CPU
		{58F4E26E-D272-41A5-BE21-F8FFBD3F80F2}.Release|x64.ActiveCfg = Release|x64
		{58F4E26E-D272-41A5-BE21-F8FFBD3F80F2}.Release|x64.Build.0 = Release|x64
		{58F4E26E-D272-41A5-BE21-F8FFBD3F80F2}.Release|x64.Deploy.0 = Release|x64
		{58F4E26E-D272-41A5-BE21-F8FFBD3F80F2}.Release|x86.ActiveCfg = Release|Any CPU
		{58F4E26E-D272-41A5-BE21-F8FFBD3F80F2}.Release|x86.Build.0 = Release|Any CPU
		{58F4E26E-D272-41A5-BE21-F8FFBD3F80F2}.Release|x86.Deploy.0 = Release|Any CPU
		{838D05D9-8ADB-4B4A-973D-E68FDFCEFE47}.Ad-Hoc|Any CPU.ActiveCfg = Ad-Hoc|iPhone
		{838D05D9-8ADB-4B4A-973D-E68FDFCEFE47}.Ad-Hoc|ARM.ActiveCfg = Ad-Hoc|x64
		{838D05D9-8ADB-4B4A-973D-E68FDFCEFE47}.Ad-Hoc|ARM.Build.0 = Ad-Hoc|x64
		{838D05D9-8ADB-4B4A-973D-E68FDFCEFE47}.Ad-Hoc|iPhone.ActiveCfg = Ad-Hoc|iPhone
		{838D05D9-8ADB-4B4A-973D-E68FDFCEFE47}.Ad-Hoc|iPhone.Build.0 = Ad-Hoc|iPhone
		{838D05D9-8ADB-4B4A-973D-E68FDFCEFE47}.Ad-Hoc|iPhoneSimulator.ActiveCfg = Ad-Hoc|iPhoneSimulator
		{838D05D9-8ADB-4B4A-973D-E68FDFCEFE47}.Ad-Hoc|iPhoneSimulator.Build.0 = Ad-Hoc|iPhoneSimulator
		{838D05D9-8ADB-4B4A-973D-E68FDFCEFE47}.Ad-Hoc|x64.ActiveCfg = Ad-Hoc|x64
		{838D05D9-8ADB-4B4A-973D-E68FDFCEFE47}.Ad-Hoc|x86.ActiveCfg = Ad-Hoc|iPhone
		{838D05D9-8ADB-4B4A-973D-E68FDFCEFE47}.AppStore|Any CPU.ActiveCfg = AppStore|iPhone
		{838D05D9-8ADB-4B4A-973D-E68FDFCEFE47}.AppStore|ARM.ActiveCfg = AppStore|x64
		{838D05D9-8ADB-4B4A-973D-E68FDFCEFE47}.AppStore|ARM.Build.0 = AppStore|x64
		{838D05D9-8ADB-4B4A-973D-E68FDFCEFE47}.AppStore|iPhone.ActiveCfg = AppStore|iPhone
		{838D05D9-8ADB-4B4A-973D-E68FDFCEFE47}.AppStore|iPhone.Build.0 = AppStore|iPhone
		{838D05D9-8ADB-4B4A-973D-E68FDFCEFE47}.AppStore|iPhoneSimulator.ActiveCfg = AppStore|iPhoneSimulator
		{838D05D9-8ADB-4B4A-973D-E68FDFCEFE47}.AppStore|iPhoneSimulator.Build.0 = AppStore|iPhoneSimulator
		{838D05D9-8ADB-4B4A-973D-E68FDFCEFE47}.AppStore|x64.ActiveCfg = AppStore|x64
		{838D05D9-8ADB-4B4A-973D-E68FDFCEFE47}.AppStore|x86.ActiveCfg = AppStore|iPhone
		{838D05D9-8ADB-4B4A-973D-E68FDFCEFE47}.Debug|Any CPU.ActiveCfg = Debug|iPhone
		{838D05D9-8ADB-4B4A-973D-E68FDFCEFE47}.Debug|ARM.ActiveCfg = Debug|iPhoneSimulator
		{838D05D9-8ADB-4B4A-973D-E68FDFCEFE47}.Debug|ARM.Build.0 = Debug|iPhoneSimulator
		{838D05D9-8ADB-4B4A-973D-E68FDFCEFE47}.Debug|iPhone.ActiveCfg = Debug|iPhone
		{838D05D9-8ADB-4B4A-973D-E68FDFCEFE47}.Debug|iPhone.Build.0 = Debug|iPhone
		{838D05D9-8ADB-4B4A-973D-E68FDFCEFE47}.Debug|iPhoneSimulator.ActiveCfg = Debug|iPhoneSimulator
		{838D05D9-8ADB-4B4A-973D-E68FDFCEFE47}.Debug|iPhoneSimulator.Build.0 = Debug|iPhoneSimulator
		{838D05D9-8ADB-4B4A-973D-E68FDFCEFE47}.Debug|x64.ActiveCfg = Debug|x64
		{838D05D9-8ADB-4B4A-973D-E68FDFCEFE47}.Debug|x64.Build.0 = Debug|x64
		{838D05D9-8ADB-4B4A-973D-E68FDFCEFE47}.Debug|x86.ActiveCfg = Debug|iPhone
		{838D05D9-8ADB-4B4A-973D-E68FDFCEFE47}.Release|Any CPU.ActiveCfg = Release|iPhone
		{838D05D9-8ADB-4B4A-973D-E68FDFCEFE47}.Release|ARM.ActiveCfg = Release|x64
		{838D05D9-8ADB-4B4A-973D-E68FDFCEFE47}.Release|ARM.Build.0 = Release|x64
		{838D05D9-8ADB-4B4A-973D-E68FDFCEFE47}.Release|iPhone.ActiveCfg = Release|iPhone
		{838D05D9-8ADB-4B4A-973D-E68FDFCEFE47}.Release|iPhone.Build.0 = Release|iPhone
		{838D05D9-8ADB-4B4A-973D-E68FDFCEFE47}.Release|iPhoneSimulator.ActiveCfg = Release|iPhoneSimulator
		{838D05D9-8ADB-4B4A-973D-E68FDFCEFE47}.Release|iPhoneSimulator.Build.0 = Release|iPhoneSimulator
		{838D05D9-8ADB-4B4A-973D-E68FDFCEFE47}.Release|x64.ActiveCfg = Release|x64
		{838D05D9-8ADB-4B4A-973D-E68FDFCEFE47}.Release|x86.ActiveCfg = Release|iPhone
		{507FA155-F00D-49D1-B533-A8AD943A3326}.Ad-Hoc|Any CPU.ActiveCfg = Release|Any CPU
		{507FA155-F00D-49D1-B533-A8AD943A3326}.Ad-Hoc|Any CPU.Build.0 = Release|Any CPU
		{507FA155-F00D-49D1-B533-A8AD943A3326}.Ad-Hoc|ARM.ActiveCfg = Release|ARM
		{507FA155-F00D-49D1-B533-A8AD943A3326}.Ad-Hoc|ARM.Build.0 = Release|ARM
		{507FA155-F00D-49D1-B533-A8AD943A3326}.Ad-Hoc|iPhone.ActiveCfg = Release|Any CPU
		{507FA155-F00D-49D1-B533-A8AD943A3326}.Ad-Hoc|iPhone.Build.0 = Release|Any CPU
		{507FA155-F00D-49D1-B533-A8AD943A3326}.Ad-Hoc|iPhoneSimulator.ActiveCfg = Release|Any CPU
		{507FA155-F00D-49D1-B533-A8AD943A3326}.Ad-Hoc|iPhoneSimulator.Build.0 = Release|Any CPU
		{507FA155-F00D-49D1-B533-A8AD943A3326}.Ad-Hoc|x64.ActiveCfg = Release|x64
		{507FA155-F00D-49D1-B533-A8AD943A3326}.Ad-Hoc|x64.Build.0 = Release|x64
		{507FA155-F00D-49D1-B533-A8AD943A3326}.Ad-Hoc|x86.ActiveCfg = Release|x86
		{507FA155-F00D-49D1-B533-A8AD943A3326}.Ad-Hoc|x86.Build.0 = Release|x86
		{507FA155-F00D-49D1-B533-A8AD943A3326}.AppStore|Any CPU.ActiveCfg = Release|Any CPU
		{507FA155-F00D-49D1-B533-A8AD943A3326}.AppStore|Any CPU.Build.0 = Release|Any CPU
		{507FA155-F00D-49D1-B533-A8AD943A3326}.AppStore|ARM.ActiveCfg = Release|ARM
		{507FA155-F00D-49D1-B533-A8AD943A3326}.AppStore|ARM.Build.0 = Release|ARM
		{507FA155-F00D-49D1-B533-A8AD943A3326}.AppStore|iPhone.ActiveCfg = Release|Any CPU
		{507FA155-F00D-49D1-B533-A8AD943A3326}.AppStore|iPhone.Build.0 = Release|Any CPU
		{507FA155-F00D-49D1-B533-A8AD943A3326}.AppStore|iPhoneSimulator.ActiveCfg = Release|Any CPU
		{507FA155-F00D-49D1-B533-A8AD943A3326}.AppStore|iPhoneSimulator.Build.0 = Release|Any CPU
		{507FA155-F00D-49D1-B533-A8AD943A3326}.AppStore|x64.ActiveCfg = Release|x64
		{507FA155-F00D-49D1-B533-A8AD943A3326}.AppStore|x64.Build.0 = Release|x64
		{507FA155-F00D-49D1-B533-A8AD943A3326}.AppStore|x86.ActiveCfg = Release|x86
		{507FA155-F00D-49D1-B533-A8AD943A3326}.AppStore|x86.Build.0 = Release|x86
		{507FA155-F00D-49D1-B533-A8AD943A3326}.Debug|Any CPU.ActiveCfg = Debug|Any CPU
		{507FA155-F00D-49D1-B533-A8AD943A3326}.Debug|Any CPU.Build.0 = Debug|Any CPU
		{507FA155-F00D-49D1-B533-A8AD943A3326}.Debug|ARM.ActiveCfg = Debug|ARM
		{507FA155-F00D-49D1-B533-A8AD943A3326}.Debug|ARM.Build.0 = Debug|ARM
		{507FA155-F00D-49D1-B533-A8AD943A3326}.Debug|iPhone.ActiveCfg = Debug|Any CPU
		{507FA155-F00D-49D1-B533-A8AD943A3326}.Debug|iPhone.Build.0 = Debug|Any CPU
		{507FA155-F00D-49D1-B533-A8AD943A3326}.Debug|iPhoneSimulator.ActiveCfg = Debug|Any CPU
		{507FA155-F00D-49D1-B533-A8AD943A3326}.Debug|iPhoneSimulator.Build.0 = Debug|Any CPU
		{507FA155-F00D-49D1-B533-A8AD943A3326}.Debug|x64.ActiveCfg = Debug|x64
		{507FA155-F00D-49D1-B533-A8AD943A3326}.Debug|x64.Build.0 = Debug|x64
		{507FA155-F00D-49D1-B533-A8AD943A3326}.Debug|x86.ActiveCfg = Debug|x86
		{507FA155-F00D-49D1-B533-A8AD943A3326}.Debug|x86.Build.0 = Debug|x86
		{507FA155-F00D-49D1-B533-A8AD943A3326}.Release|Any CPU.ActiveCfg = Release|Any CPU
		{507FA155-F00D-49D1-B533-A8AD943A3326}.Release|Any CPU.Build.0 = Release|Any CPU
		{507FA155-F00D-49D1-B533-A8AD943A3326}.Release|ARM.ActiveCfg = Release|ARM
		{507FA155-F00D-49D1-B533-A8AD943A3326}.Release|ARM.Build.0 = Release|ARM
		{507FA155-F00D-49D1-B533-A8AD943A3326}.Release|iPhone.ActiveCfg = Release|Any CPU
		{507FA155-F00D-49D1-B533-A8AD943A3326}.Release|iPhone.Build.0 = Release|Any CPU
		{507FA155-F00D-49D1-B533-A8AD943A3326}.Release|iPhoneSimulator.ActiveCfg = Release|Any CPU
		{507FA155-F00D-49D1-B533-A8AD943A3326}.Release|iPhoneSimulator.Build.0 = Release|Any CPU
		{507FA155-F00D-49D1-B533-A8AD943A3326}.Release|x64.ActiveCfg = Release|x64
		{507FA155-F00D-49D1-B533-A8AD943A3326}.Release|x64.Build.0 = Release|x64
		{507FA155-F00D-49D1-B533-A8AD943A3326}.Release|x86.ActiveCfg = Release|x86
		{507FA155-F00D-49D1-B533-A8AD943A3326}.Release|x86.Build.0 = Release|x86
	EndGlobalSection
	GlobalSection(SolutionProperties) = preSolution
		HideSolutionNode = FALSE
	EndGlobalSection
	GlobalSection(ExtensibilityGlobals) = postSolution
		SolutionGuid = {BCCF43E9-E5AA-413C-8D6E-2AB545D61F6F}
	EndGlobalSection
	GlobalSection(SharedMSBuildProjectFiles) = preSolution
		PlayFabExample.SharedProject\PlayFabExample.SharedProject.projitems*{58f4e26e-d272-41a5-be21-f8ffbd3f80f2}*SharedItemsImports = 4
		PlayFabExample.SharedProject\PlayFabExample.SharedProject.projitems*{737cf82a-7189-4257-aea8-106557d10ca3}*SharedItemsImports = 13
		PlayFabExample.SharedProject\PlayFabExample.SharedProject.projitems*{7e5a3fc0-781f-44bf-91c7-611ae24752b6}*SharedItemsImports = 4
		PlayFabExample.SharedProject\PlayFabExample.SharedProject.projitems*{838d05d9-8adb-4b4a-973d-e68fdfcefe47}*SharedItemsImports = 4
		PlayFabExample.SharedProject\PlayFabExample.SharedProject.projitems*{c6e8eb85-8ab3-4711-a98b-2442b0dc0ea2}*SharedItemsImports = 4
	EndGlobalSection
EndGlobal
